
Microsoft Visual Studio Solution File, Format Version 12.00
Project("{FAE04EC0-301F-11D3-BF4B-00C04F79EFBC}") = "Hackerrank.com.Test", "Hackerrank.com.Test\Hackerrank.com.Test.csproj", "{ADA45795-65D9-45F5-9051-7ABAB2463BC4}"
EndProject
Project("{FAE04EC0-301F-11D3-BF4B-00C04F79EFBC}") = "Codility.Com", "Codility.Com\Codility.Com.csproj", "{CD546541-C80D-40B7-B690-24463D40A738}"
EndProject
Project("{FAE04EC0-301F-11D3-BF4B-00C04F79EFBC}") = "LeetCode.com", "LeetCode.com\LeetCode.com.csproj", "{21E790D9-35B0-46A0-9DC3-3F6417C42F91}"
EndProject
Project("{FAE04EC0-301F-11D3-BF4B-00C04F79EFBC}") = "Hackerrank.com", "Hackerrank.com\Hackerrank.com.csproj", "{53FD7FC7-36D7-4C6B-BAEE-9D0A53EB6916}"
EndProject
Project("{FAE04EC0-301F-11D3-BF4B-00C04F79EFBC}") = "TestGorilla.com", "TestGorilla.com\TestGorilla.com.csproj", "{ACEB8D59-2DE5-4D71-8858-EE887881F357}"
EndProject
Project("{FAE04EC0-301F-11D3-BF4B-00C04F79EFBC}") = "OnlineInterview", "OnlineInterview\OnlineInterview.csproj", "{35619299-DBD9-45D2-B8FC-E328D2E3466A}"
EndProject
Project("{FAE04EC0-301F-11D3-BF4B-00C04F79EFBC}") = "OnlineInterviewTest", "OnlineInterviewTest\OnlineInterviewTest.csproj", "{995AE258-936B-48C0-B668-2462E2B996E5}"
EndProject
Global
	GlobalSection(SolutionConfigurationPlatforms) = preSolution
		Debug|Any CPU = Debug|Any CPU
		Release|Any CPU = Release|Any CPU
	EndGlobalSection
	GlobalSection(ProjectConfigurationPlatforms) = postSolution
		{ADA45795-65D9-45F5-9051-7ABAB2463BC4}.Debug|Any CPU.ActiveCfg = Debug|Any CPU
		{ADA45795-65D9-45F5-9051-7ABAB2463BC4}.Debug|Any CPU.Build.0 = Debug|Any CPU
		{ADA45795-65D9-45F5-9051-7ABAB2463BC4}.Release|Any CPU.ActiveCfg = Release|Any CPU
		{ADA45795-65D9-45F5-9051-7ABAB2463BC4}.Release|Any CPU.Build.0 = Release|Any CPU
		{CD546541-C80D-40B7-B690-24463D40A738}.Debug|Any CPU.ActiveCfg = Debug|Any CPU
		{CD546541-C80D-40B7-B690-24463D40A738}.Debug|Any CPU.Build.0 = Debug|Any CPU
		{CD546541-C80D-40B7-B690-24463D40A738}.Release|Any CPU.ActiveCfg = Release|Any CPU
		{CD546541-C80D-40B7-B690-24463D40A738}.Release|Any CPU.Build.0 = Release|Any CPU
		{21E790D9-35B0-46A0-9DC3-3F6417C42F91}.Debug|Any CPU.ActiveCfg = Debug|Any CPU
		{21E790D9-35B0-46A0-9DC3-3F6417C42F91}.Debug|Any CPU.Build.0 = Debug|Any CPU
		{21E790D9-35B0-46A0-9DC3-3F6417C42F91}.Release|Any CPU.ActiveCfg = Release|Any CPU
		{21E790D9-35B0-46A0-9DC3-3F6417C42F91}.Release|Any CPU.Build.0 = Release|Any CPU
		{53FD7FC7-36D7-4C6B-BAEE-9D0A53EB6916}.Debug|Any CPU.ActiveCfg = Debug|Any CPU
		{53FD7FC7-36D7-4C6B-BAEE-9D0A53EB6916}.Debug|Any CPU.Build.0 = Debug|Any CPU
		{53FD7FC7-36D7-4C6B-BAEE-9D0A53EB6916}.Release|Any CPU.ActiveCfg = Release|Any CPU
		{53FD7FC7-36D7-4C6B-BAEE-9D0A53EB6916}.Release|Any CPU.Build.0 = Release|Any CPU
		{ACEB8D59-2DE5-4D71-8858-EE887881F357}.Debug|Any CPU.ActiveCfg = Debug|Any CPU
		{ACEB8D59-2DE5-4D71-8858-EE887881F357}.Debug|Any CPU.Build.0 = Debug|Any CPU
		{ACEB8D59-2DE5-4D71-8858-EE887881F357}.Release|Any CPU.ActiveCfg = Release|Any CPU
		{ACEB8D59-2DE5-4D71-8858-EE887881F357}.Release|Any CPU.Build.0 = Release|Any CPU
		{35619299-DBD9-45D2-B8FC-E328D2E3466A}.Debug|Any CPU.ActiveCfg = Debug|Any CPU
		{35619299-DBD9-45D2-B8FC-E328D2E3466A}.Debug|Any CPU.Build.0 = Debug|Any CPU
		{35619299-DBD9-45D2-B8FC-E328D2E3466A}.Release|Any CPU.ActiveCfg = Release|Any CPU
		{35619299-DBD9-45D2-B8FC-E328D2E3466A}.Release|Any CPU.Build.0 = Release|Any CPU
		{995AE258-936B-48C0-B668-2462E2B996E5}.Debug|Any CPU.ActiveCfg = Debug|Any CPU
		{995AE258-936B-48C0-B668-2462E2B996E5}.Debug|Any CPU.Build.0 = Debug|Any CPU
		{995AE258-936B-48C0-B668-2462E2B996E5}.Release|Any CPU.ActiveCfg = Release|Any CPU
		{995AE258-936B-48C0-B668-2462E2B996E5}.Release|Any CPU.Build.0 = Release|Any CPU
	EndGlobalSection
EndGlobal
